
Microsoft Visual Studio Solution File, Format Version 12.00
# Visual Studio Version 16
VisualStudioVersion = 16.0.29326.143
MinimumVisualStudioVersion = 10.0.40219.1
Project("{FAE04EC0-301F-11D3-BF4B-00C04F79EFBC}") = "CoursCsharpFranckJubin", "CoursCsharpFranckJubin\CoursCsharpFranckJubin.csproj", "{44019DAA-1921-4E02-B88C-A6A6B00B1B83}"
EndProject
Project("{FAE04EC0-301F-11D3-BF4B-00C04F79EFBC}") = "JeuDuTaquin", "JeuDuTaquin\JeuDuTaquin.csproj", "{40035441-533E-4CAE-BDA5-FFD1642AF356}"
EndProject
Project("{FAE04EC0-301F-11D3-BF4B-00C04F79EFBC}") = "CompetitionRobotKalashCriminou", "CompetitionRobotKalashCriminou\CompetitionRobotKalashCriminou.csproj", "{6EAE47D8-6D9E-4DEC-AB6C-E35ACBAAC6D7}"
EndProject
Project("{FAE04EC0-301F-11D3-BF4B-00C04F79EFBC}") = "HelloWorldApp", "HelloWorldApp\HelloWorldApp.csproj", "{0129E830-1F49-4971-BFF4-35AFBC1BB564}"
EndProject
Project("{FAE04EC0-301F-11D3-BF4B-00C04F79EFBC}") = "DatagrindCours", "DatagrindCours\DatagrindCours.csproj", "{0325A953-7352-4502-908B-A2A0A5243F4E}"
EndProject
Global
	GlobalSection(SolutionConfigurationPlatforms) = preSolution
		Debug|Any CPU = Debug|Any CPU
		Release|Any CPU = Release|Any CPU
	EndGlobalSection
	GlobalSection(ProjectConfigurationPlatforms) = postSolution
		{44019DAA-1921-4E02-B88C-A6A6B00B1B83}.Debug|Any CPU.ActiveCfg = Debug|Any CPU
		{44019DAA-1921-4E02-B88C-A6A6B00B1B83}.Debug|Any CPU.Build.0 = Debug|Any CPU
		{44019DAA-1921-4E02-B88C-A6A6B00B1B83}.Release|Any CPU.ActiveCfg = Release|Any CPU
		{44019DAA-1921-4E02-B88C-A6A6B00B1B83}.Release|Any CPU.Build.0 = Release|Any CPU
		{40035441-533E-4CAE-BDA5-FFD1642AF356}.Debug|Any CPU.ActiveCfg = Debug|Any CPU
		{40035441-533E-4CAE-BDA5-FFD1642AF356}.Debug|Any CPU.Build.0 = Debug|Any CPU
		{40035441-533E-4CAE-BDA5-FFD1642AF356}.Release|Any CPU.ActiveCfg = Release|Any CPU
		{40035441-533E-4CAE-BDA5-FFD1642AF356}.Release|Any CPU.Build.0 = Release|Any CPU
		{6EAE47D8-6D9E-4DEC-AB6C-E35ACBAAC6D7}.Debug|Any CPU.ActiveCfg = Debug|Any CPU
		{6EAE47D8-6D9E-4DEC-AB6C-E35ACBAAC6D7}.Debug|Any CPU.Build.0 = Debug|Any CPU
		{6EAE47D8-6D9E-4DEC-AB6C-E35ACBAAC6D7}.Release|Any CPU.ActiveCfg = Release|Any CPU
		{6EAE47D8-6D9E-4DEC-AB6C-E35ACBAAC6D7}.Release|Any CPU.Build.0 = Release|Any CPU
		{0129E830-1F49-4971-BFF4-35AFBC1BB564}.Debug|Any CPU.ActiveCfg = Debug|Any CPU
		{0129E830-1F49-4971-BFF4-35AFBC1BB564}.Debug|Any CPU.Build.0 = Debug|Any CPU
		{0129E830-1F49-4971-BFF4-35AFBC1BB564}.Release|Any CPU.ActiveCfg = Release|Any CPU
		{0129E830-1F49-4971-BFF4-35AFBC1BB564}.Release|Any CPU.Build.0 = Release|Any CPU
		{0325A953-7352-4502-908B-A2A0A5243F4E}.Debug|Any CPU.ActiveCfg = Debug|Any CPU
		{0325A953-7352-4502-908B-A2A0A5243F4E}.Debug|Any CPU.Build.0 = Debug|Any CPU
		{0325A953-7352-4502-908B-A2A0A5243F4E}.Release|Any CPU.ActiveCfg = Release|Any CPU
		{0325A953-7352-4502-908B-A2A0A5243F4E}.Release|Any CPU.Build.0 = Release|Any CPU
	EndGlobalSection
	GlobalSection(SolutionProperties) = preSolution
		HideSolutionNode = FALSE
	EndGlobalSection
	GlobalSection(ExtensibilityGlobals) = postSolution
		SolutionGuid = {ECDF2F7D-1124-4010-9D22-45266AB309B4}
	EndGlobalSection
EndGlobal
